
Microsoft Visual Studio Solution File, Format Version 12.00
# Visual Studio Version 17
VisualStudioVersion = 17.10.35027.167
MinimumVisualStudioVersion = 10.0.40219.1
Project("{9A19103F-16F7-4668-BE54-9A1E7A4F7556}") = "TestCalcSquare", "TestCalcSquare\TestCalcSquare.csproj", "{F12CC82E-84B0-4081-A90E-42788136B73B}"
EndProject
Project("{9A19103F-16F7-4668-BE54-9A1E7A4F7556}") = "CalcSquare", "CalcSquare\CalcSquare.csproj", "{2F17953C-F0C4-424A-A894-0CDED3175133}"
EndProject
Project("{2150E333-8FDC-42A3-9474-1A3956D46DE8}") = "Элементы решения", "Элементы решения", "{35D29AF8-2001-4CEE-8CD4-14F0D21AFC82}"
	ProjectSection(SolutionItems) = preProject
		Query.txt = Query.txt
	EndProjectSection
EndProject
Global
	GlobalSection(SolutionConfigurationPlatforms) = preSolution
		Debug|Any CPU = Debug|Any CPU
		Release|Any CPU = Release|Any CPU
	EndGlobalSection
	GlobalSection(ProjectConfigurationPlatforms) = postSolution
		{F12CC82E-84B0-4081-A90E-42788136B73B}.Debug|Any CPU.ActiveCfg = Debug|Any CPU
		{F12CC82E-84B0-4081-A90E-42788136B73B}.Debug|Any CPU.Build.0 = Debug|Any CPU
		{F12CC82E-84B0-4081-A90E-42788136B73B}.Release|Any CPU.ActiveCfg = Release|Any CPU
		{F12CC82E-84B0-4081-A90E-42788136B73B}.Release|Any CPU.Build.0 = Release|Any CPU
		{2F17953C-F0C4-424A-A894-0CDED3175133}.Debug|Any CPU.ActiveCfg = Debug|Any CPU
		{2F17953C-F0C4-424A-A894-0CDED3175133}.Debug|Any CPU.Build.0 = Debug|Any CPU
		{2F17953C-F0C4-424A-A894-0CDED3175133}.Release|Any CPU.ActiveCfg = Release|Any CPU
		{2F17953C-F0C4-424A-A894-0CDED3175133}.Release|Any CPU.Build.0 = Release|Any CPU
	EndGlobalSection
	GlobalSection(SolutionProperties) = preSolution
		HideSolutionNode = FALSE
	EndGlobalSection
	GlobalSection(ExtensibilityGlobals) = postSolution
		SolutionGuid = {3E029A9C-3D17-47C4-A212-BC6ABD8F02A3}
	EndGlobalSection
EndGlobal
